
Microsoft Visual Studio Solution File, Format Version 12.00
# Visual Studio Version 17
VisualStudioVersion = 17.4.33213.308
MinimumVisualStudioVersion = 10.0.40219.1
Project("{FAE04EC0-301F-11D3-BF4B-00C04F79EFBC}") = "Todos.App", "Todos.App\Todos.App.csproj", "{78FCD6A4-87FD-4159-A5F8-88C3D12C4432}"
EndProject
Global
	GlobalSection(SolutionConfigurationPlatforms) = preSolution
		Debug|Any CPU = Debug|Any CPU
		Release|Any CPU = Release|Any CPU
	EndGlobalSection
	GlobalSection(ProjectConfigurationPlatforms) = postSolution
		{78FCD6A4-87FD-4159-A5F8-88C3D12C4432}.Debug|Any CPU.ActiveCfg = Debug|Any CPU
		{78FCD6A4-87FD-4159-A5F8-88C3D12C4432}.Debug|Any CPU.Build.0 = Debug|Any CPU
		{78FCD6A4-87FD-4159-A5F8-88C3D12C4432}.Release|Any CPU.ActiveCfg = Release|Any CPU
		{78FCD6A4-87FD-4159-A5F8-88C3D12C4432}.Release|Any CPU.Build.0 = Release|Any CPU
	EndGlobalSection
	GlobalSection(SolutionProperties) = preSolution
		HideSolutionNode = FALSE
	EndGlobalSection
	GlobalSection(ExtensibilityGlobals) = postSolution
		SolutionGuid = {96615AA0-E532-42C2-8D93-33EBB4A0F2F8}
	EndGlobalSection
EndGlobal
